{
  "name": "emotejam",
  "version": "1.0.0",
  "lockfileVersion": 2,
  "requires": true,
  "packages": {
    "": {
      "name": "emotejam",
      "version": "1.0.0",
      "license": "MIT",
      "devDependencies": {
        "@types/gif.js": "^0.2.1"
      }
    },
    "node_modules/@types/gif.js": {
      "version": "0.2.2",
      "resolved": "https://registry.npmjs.org/@types/gif.js/-/gif.js-0.2.2.tgz",
      "integrity": "sha512-/FVEOmcoK/mdNVIW87k8A0vBC5MxBCb1Tgw57FfPBzPS12JW8jrI8qwX9pT3e1iawtIurQm34x6jY1N2awM7hQ==",
      "dev": true
    }
  },
  "dependencies": {
    "@types/gif.js": {
      "version": "0.2.2",
      "resolved": "https://registry.npmjs.org/@types/gif.js/-/gif.js-0.2.2.tgz",
      "integrity": "sha512-/FVEOmcoK/mdNVIW87k8A0vBC5MxBCb1Tgw57FfPBzPS12JW8jrI8qwX9pT3e1iawtIurQm34x6jY1N2awM7hQ==",
      "dev": true
    }
  }
}
